// !$*UTF8*$!
{
	archiveVersion = 1;
	classes = {
	};
	objectVersion = 46;
	objects = {

/* Begin PBXBuildFile section */
		521E132C1600B6D600022B1E /* AJGame.m in Sources */ = {isa = PBXBuildFile; fileRef = 521E132B1600B6D500022B1E /* AJGame.m */; };
		521E13301600B6D600022B1E /* AJPlayer.m in Sources */ = {isa = PBXBuildFile; fileRef = 521E132F1600B6D600022B1E /* AJPlayer.m */; };
		521E13331600B6D600022B1E /* AJScore.m in Sources */ = {isa = PBXBuildFile; fileRef = 521E13321600B6D600022B1E /* AJScore.m */; };
		521E13391600B76300022B1E /* AJScore+Additions.m in Sources */ = {isa = PBXBuildFile; fileRef = 521E13381600B76300022B1E /* AJScore+Additions.m */; };
		521E133C1600C2AF00022B1E /* AJScoresTableViewController.m in Sources */ = {isa = PBXBuildFile; fileRef = 521E133B1600C2AF00022B1E /* AJScoresTableViewController.m */; };
		5253287615FF115D00A28B84 /* ScorePad.xcdatamodeld in Sources */ = {isa = PBXBuildFile; fileRef = 5253287415FF115D00A28B84 /* ScorePad.xcdatamodeld */; };
		5253287D15FF128600A28B84 /* AJScoresManager.m in Sources */ = {isa = PBXBuildFile; fileRef = 5253287C15FF128600A28B84 /* AJScoresManager.m */; };
		5253287F15FF15D000A28B84 /* CoreData.framework in Frameworks */ = {isa = PBXBuildFile; fileRef = 5253287E15FF15D000A28B84 /* CoreData.framework */; };
		525328A415FF213400A28B84 /* AJGame+Additions.m in Sources */ = {isa = PBXBuildFile; fileRef = 525328A315FF213400A28B84 /* AJGame+Additions.m */; };
		525328C315FF589700A28B84 /* NSString+Additions.m in Sources */ = {isa = PBXBuildFile; fileRef = 525328C015FF589700A28B84 /* NSString+Additions.m */; };
		525328C415FF589700A28B84 /* UIColor+Additions.m in Sources */ = {isa = PBXBuildFile; fileRef = 525328C215FF589700A28B84 /* UIColor+Additions.m */; };
		525CC22D15FE2A1F00E8F903 /* UIKit.framework in Frameworks */ = {isa = PBXBuildFile; fileRef = 525CC22C15FE2A1F00E8F903 /* UIKit.framework */; };
		525CC22F15FE2A1F00E8F903 /* Foundation.framework in Frameworks */ = {isa = PBXBuildFile; fileRef = 525CC22E15FE2A1F00E8F903 /* Foundation.framework */; };
		525CC23115FE2A1F00E8F903 /* CoreGraphics.framework in Frameworks */ = {isa = PBXBuildFile; fileRef = 525CC23015FE2A1F00E8F903 /* CoreGraphics.framework */; };
		525CC23715FE2A1F00E8F903 /* InfoPlist.strings in Resources */ = {isa = PBXBuildFile; fileRef = 525CC23515FE2A1F00E8F903 /* InfoPlist.strings */; };
		525CC23915FE2A1F00E8F903 /* main.m in Sources */ = {isa = PBXBuildFile; fileRef = 525CC23815FE2A1F00E8F903 /* main.m */; };
		525CC23D15FE2A1F00E8F903 /* AJAppDelegate.m in Sources */ = {isa = PBXBuildFile; fileRef = 525CC23C15FE2A1F00E8F903 /* AJAppDelegate.m */; };
		525CC24515FE2C8200E8F903 /* AJGamesTableViewController.m in Sources */ = {isa = PBXBuildFile; fileRef = 525CC24415FE2C8200E8F903 /* AJGamesTableViewController.m */; };
		5275B83715FF7D66006E19FE /* AJPlayer+Additions.m in Sources */ = {isa = PBXBuildFile; fileRef = 5275B83615FF7D66006E19FE /* AJPlayer+Additions.m */; };
		5275B83A15FF83FD006E19FE /* AJPlayersTableViewController.m in Sources */ = {isa = PBXBuildFile; fileRef = 5275B83915FF83FD006E19FE /* AJPlayersTableViewController.m */; };
/* End PBXBuildFile section */

/* Begin PBXFileReference section */
		521E132A1600B6D500022B1E /* AJGame.h */ = {isa = PBXFileReference; fileEncoding = 4; lastKnownFileType = sourcecode.c.h; path = AJGame.h; sourceTree = "<group>"; };
		521E132B1600B6D500022B1E /* AJGame.m */ = {isa = PBXFileReference; fileEncoding = 4; lastKnownFileType = sourcecode.c.objc; path = AJGame.m; sourceTree = "<group>"; };
		521E132E1600B6D600022B1E /* AJPlayer.h */ = {isa = PBXFileReference; fileEncoding = 4; lastKnownFileType = sourcecode.c.h; path = AJPlayer.h; sourceTree = "<group>"; };
		521E132F1600B6D600022B1E /* AJPlayer.m */ = {isa = PBXFileReference; fileEncoding = 4; lastKnownFileType = sourcecode.c.objc; path = AJPlayer.m; sourceTree = "<group>"; };
		521E13311600B6D600022B1E /* AJScore.h */ = {isa = PBXFileReference; fileEncoding = 4; lastKnownFileType = sourcecode.c.h; path = AJScore.h; sourceTree = "<group>"; };
		521E13321600B6D600022B1E /* AJScore.m */ = {isa = PBXFileReference; fileEncoding = 4; lastKnownFileType = sourcecode.c.objc; path = AJScore.m; sourceTree = "<group>"; };
		521E13371600B76300022B1E /* AJScore+Additions.h */ = {isa = PBXFileReference; fileEncoding = 4; lastKnownFileType = sourcecode.c.h; path = "AJScore+Additions.h"; sourceTree = "<group>"; };
		521E13381600B76300022B1E /* AJScore+Additions.m */ = {isa = PBXFileReference; fileEncoding = 4; lastKnownFileType = sourcecode.c.objc; path = "AJScore+Additions.m"; sourceTree = "<group>"; };
		521E133A1600C2AF00022B1E /* AJScoresTableViewController.h */ = {isa = PBXFileReference; fileEncoding = 4; lastKnownFileType = sourcecode.c.h; path = AJScoresTableViewController.h; sourceTree = "<group>"; };
		521E133B1600C2AF00022B1E /* AJScoresTableViewController.m */ = {isa = PBXFileReference; fileEncoding = 4; lastKnownFileType = sourcecode.c.objc; path = AJScoresTableViewController.m; sourceTree = "<group>"; };
		5253287515FF115D00A28B84 /* ScorePad.xcdatamodel */ = {isa = PBXFileReference; lastKnownFileType = wrapper.xcdatamodel; path = ScorePad.xcdatamodel; sourceTree = "<group>"; };
		5253287B15FF128600A28B84 /* AJScoresManager.h */ = {isa = PBXFileReference; fileEncoding = 4; lastKnownFileType = sourcecode.c.h; path = AJScoresManager.h; sourceTree = "<group>"; };
		5253287C15FF128600A28B84 /* AJScoresManager.m */ = {isa = PBXFileReference; fileEncoding = 4; lastKnownFileType = sourcecode.c.objc; path = AJScoresManager.m; sourceTree = "<group>"; };
		5253287E15FF15D000A28B84 /* CoreData.framework */ = {isa = PBXFileReference; lastKnownFileType = wrapper.framework; name = CoreData.framework; path = System/Library/Frameworks/CoreData.framework; sourceTree = SDKROOT; };
		525328A215FF213400A28B84 /* AJGame+Additions.h */ = {isa = PBXFileReference; fileEncoding = 4; lastKnownFileType = sourcecode.c.h; path = "AJGame+Additions.h"; sourceTree = "<group>"; };
		525328A315FF213400A28B84 /* AJGame+Additions.m */ = {isa = PBXFileReference; fileEncoding = 4; lastKnownFileType = sourcecode.c.objc; path = "AJGame+Additions.m"; sourceTree = "<group>"; };
		525328BF15FF589700A28B84 /* NSString+Additions.h */ = {isa = PBXFileReference; fileEncoding = 4; lastKnownFileType = sourcecode.c.h; path = "NSString+Additions.h"; sourceTree = "<group>"; };
		525328C015FF589700A28B84 /* NSString+Additions.m */ = {isa = PBXFileReference; fileEncoding = 4; lastKnownFileType = sourcecode.c.objc; path = "NSString+Additions.m"; sourceTree = "<group>"; };
		525328C115FF589700A28B84 /* UIColor+Additions.h */ = {isa = PBXFileReference; fileEncoding = 4; lastKnownFileType = sourcecode.c.h; path = "UIColor+Additions.h"; sourceTree = "<group>"; };
		525328C215FF589700A28B84 /* UIColor+Additions.m */ = {isa = PBXFileReference; fileEncoding = 4; lastKnownFileType = sourcecode.c.objc; path = "UIColor+Additions.m"; sourceTree = "<group>"; };
		525CC22815FE2A1F00E8F903 /* ScorePad.app */ = {isa = PBXFileReference; explicitFileType = wrapper.application; includeInIndex = 0; path = ScorePad.app; sourceTree = BUILT_PRODUCTS_DIR; };
		525CC22C15FE2A1F00E8F903 /* UIKit.framework */ = {isa = PBXFileReference; lastKnownFileType = wrapper.framework; name = UIKit.framework; path = System/Library/Frameworks/UIKit.framework; sourceTree = SDKROOT; };
		525CC22E15FE2A1F00E8F903 /* Foundation.framework */ = {isa = PBXFileReference; lastKnownFileType = wrapper.framework; name = Foundation.framework; path = System/Library/Frameworks/Foundation.framework; sourceTree = SDKROOT; };
		525CC23015FE2A1F00E8F903 /* CoreGraphics.framework */ = {isa = PBXFileReference; lastKnownFileType = wrapper.framework; name = CoreGraphics.framework; path = System/Library/Frameworks/CoreGraphics.framework; sourceTree = SDKROOT; };
		525CC23415FE2A1F00E8F903 /* ScorePad-Info.plist */ = {isa = PBXFileReference; lastKnownFileType = text.plist.xml; path = "ScorePad-Info.plist"; sourceTree = "<group>"; };
		525CC23615FE2A1F00E8F903 /* en */ = {isa = PBXFileReference; lastKnownFileType = text.plist.strings; name = en; path = en.lproj/InfoPlist.strings; sourceTree = "<group>"; };
		525CC23815FE2A1F00E8F903 /* main.m */ = {isa = PBXFileReference; lastKnownFileType = sourcecode.c.objc; path = main.m; sourceTree = "<group>"; };
		525CC23A15FE2A1F00E8F903 /* ScorePad-Prefix.pch */ = {isa = PBXFileReference; lastKnownFileType = sourcecode.c.h; path = "ScorePad-Prefix.pch"; sourceTree = "<group>"; };
		525CC23B15FE2A1F00E8F903 /* AJAppDelegate.h */ = {isa = PBXFileReference; lastKnownFileType = sourcecode.c.h; path = AJAppDelegate.h; sourceTree = "<group>"; };
		525CC23C15FE2A1F00E8F903 /* AJAppDelegate.m */ = {isa = PBXFileReference; lastKnownFileType = sourcecode.c.objc; path = AJAppDelegate.m; sourceTree = "<group>"; };
		525CC24315FE2C8200E8F903 /* AJGamesTableViewController.h */ = {isa = PBXFileReference; fileEncoding = 4; lastKnownFileType = sourcecode.c.h; path = AJGamesTableViewController.h; sourceTree = "<group>"; };
		525CC24415FE2C8200E8F903 /* AJGamesTableViewController.m */ = {isa = PBXFileReference; fileEncoding = 4; lastKnownFileType = sourcecode.c.objc; path = AJGamesTableViewController.m; sourceTree = "<group>"; };
		5275B83515FF7D66006E19FE /* AJPlayer+Additions.h */ = {isa = PBXFileReference; fileEncoding = 4; lastKnownFileType = sourcecode.c.h; path = "AJPlayer+Additions.h"; sourceTree = "<group>"; };
		5275B83615FF7D66006E19FE /* AJPlayer+Additions.m */ = {isa = PBXFileReference; fileEncoding = 4; lastKnownFileType = sourcecode.c.objc; path = "AJPlayer+Additions.m"; sourceTree = "<group>"; };
		5275B83815FF83FD006E19FE /* AJPlayersTableViewController.h */ = {isa = PBXFileReference; fileEncoding = 4; lastKnownFileType = sourcecode.c.h; path = AJPlayersTableViewController.h; sourceTree = "<group>"; };
		5275B83915FF83FD006E19FE /* AJPlayersTableViewController.m */ = {isa = PBXFileReference; fileEncoding = 4; lastKnownFileType = sourcecode.c.objc; path = AJPlayersTableViewController.m; sourceTree = "<group>"; };
/* End PBXFileReference section */

/* Begin PBXFrameworksBuildPhase section */
		525CC22515FE2A1F00E8F903 /* Frameworks */ = {
			isa = PBXFrameworksBuildPhase;
			buildActionMask = 2147483647;
			files = (
				5253287F15FF15D000A28B84 /* CoreData.framework in Frameworks */,
				525CC22D15FE2A1F00E8F903 /* UIKit.framework in Frameworks */,
				525CC22F15FE2A1F00E8F903 /* Foundation.framework in Frameworks */,
				525CC23115FE2A1F00E8F903 /* CoreGraphics.framework in Frameworks */,
			);
			runOnlyForDeploymentPostprocessing = 0;
		};
/* End PBXFrameworksBuildPhase section */

/* Begin PBXGroup section */
		5253285B15FF0F1600A28B84 /* Model */ = {
			isa = PBXGroup;
			children = (
				5253287415FF115D00A28B84 /* ScorePad.xcdatamodeld */,
				521E132A1600B6D500022B1E /* AJGame.h */,
				521E132B1600B6D500022B1E /* AJGame.m */,
				521E132E1600B6D600022B1E /* AJPlayer.h */,
				521E132F1600B6D600022B1E /* AJPlayer.m */,
				521E13311600B6D600022B1E /* AJScore.h */,
				521E13321600B6D600022B1E /* AJScore.m */,
				525328A215FF213400A28B84 /* AJGame+Additions.h */,
				525328A315FF213400A28B84 /* AJGame+Additions.m */,
				5275B83515FF7D66006E19FE /* AJPlayer+Additions.h */,
				5275B83615FF7D66006E19FE /* AJPlayer+Additions.m */,
				521E13371600B76300022B1E /* AJScore+Additions.h */,
				521E13381600B76300022B1E /* AJScore+Additions.m */,
			);
			name = Model;
			sourceTree = "<group>";
		};
		5253287A15FF126700A28B84 /* Utils */ = {
			isa = PBXGroup;
			children = (
				5253287B15FF128600A28B84 /* AJScoresManager.h */,
				5253287C15FF128600A28B84 /* AJScoresManager.m */,
			);
			name = Utils;
			sourceTree = "<group>";
		};
		525328BD15FF587C00A28B84 /* Categories */ = {
			isa = PBXGroup;
			children = (
				525328BF15FF589700A28B84 /* NSString+Additions.h */,
				525328C015FF589700A28B84 /* NSString+Additions.m */,
				525328C115FF589700A28B84 /* UIColor+Additions.h */,
				525328C215FF589700A28B84 /* UIColor+Additions.m */,
			);
			name = Categories;
			sourceTree = "<group>";
		};
		525CC21D15FE2A1F00E8F903 = {
			isa = PBXGroup;
			children = (
				525CC23215FE2A1F00E8F903 /* ScorePad */,
				525CC22B15FE2A1F00E8F903 /* Frameworks */,
				525CC22915FE2A1F00E8F903 /* Products */,
			);
			sourceTree = "<group>";
		};
		525CC22915FE2A1F00E8F903 /* Products */ = {
			isa = PBXGroup;
			children = (
				525CC22815FE2A1F00E8F903 /* ScorePad.app */,
			);
			name = Products;
			sourceTree = "<group>";
		};
		525CC22B15FE2A1F00E8F903 /* Frameworks */ = {
			isa = PBXGroup;
			children = (
				5253287E15FF15D000A28B84 /* CoreData.framework */,
				525CC22C15FE2A1F00E8F903 /* UIKit.framework */,
				525CC22E15FE2A1F00E8F903 /* Foundation.framework */,
				525CC23015FE2A1F00E8F903 /* CoreGraphics.framework */,
			);
			name = Frameworks;
			sourceTree = "<group>";
		};
		525CC23215FE2A1F00E8F903 /* ScorePad */ = {
			isa = PBXGroup;
			children = (
				525328BD15FF587C00A28B84 /* Categories */,
				5253285B15FF0F1600A28B84 /* Model */,
				525CC24615FE2C8900E8F903 /* Controllers */,
				5253287A15FF126700A28B84 /* Utils */,
				525CC23B15FE2A1F00E8F903 /* AJAppDelegate.h */,
				525CC23C15FE2A1F00E8F903 /* AJAppDelegate.m */,
				525CC23315FE2A1F00E8F903 /* Supporting Files */,
			);
			path = ScorePad;
			sourceTree = "<group>";
		};
		525CC23315FE2A1F00E8F903 /* Supporting Files */ = {
			isa = PBXGroup;
			children = (
				525CC23415FE2A1F00E8F903 /* ScorePad-Info.plist */,
				525CC23515FE2A1F00E8F903 /* InfoPlist.strings */,
				525CC23815FE2A1F00E8F903 /* main.m */,
				525CC23A15FE2A1F00E8F903 /* ScorePad-Prefix.pch */,
			);
			name = "Supporting Files";
			sourceTree = "<group>";
		};
		525CC24615FE2C8900E8F903 /* Controllers */ = {
			isa = PBXGroup;
			children = (
				525CC24315FE2C8200E8F903 /* AJGamesTableViewController.h */,
				525CC24415FE2C8200E8F903 /* AJGamesTableViewController.m */,
				5275B83815FF83FD006E19FE /* AJPlayersTableViewController.h */,
				5275B83915FF83FD006E19FE /* AJPlayersTableViewController.m */,
				521E133A1600C2AF00022B1E /* AJScoresTableViewController.h */,
				521E133B1600C2AF00022B1E /* AJScoresTableViewController.m */,
			);
			name = Controllers;
			sourceTree = "<group>";
		};
/* End PBXGroup section */

/* Begin PBXNativeTarget section */
		525CC22715FE2A1F00E8F903 /* ScorePad */ = {
			isa = PBXNativeTarget;
			buildConfigurationList = 525CC24015FE2A1F00E8F903 /* Build configuration list for PBXNativeTarget "ScorePad" */;
			buildPhases = (
				525CC22415FE2A1F00E8F903 /* Sources */,
				525CC22515FE2A1F00E8F903 /* Frameworks */,
				525CC22615FE2A1F00E8F903 /* Resources */,
			);
			buildRules = (
			);
			dependencies = (
			);
			name = ScorePad;
			productName = ScorePad;
			productReference = 525CC22815FE2A1F00E8F903 /* ScorePad.app */;
			productType = "com.apple.product-type.application";
		};
/* End PBXNativeTarget section */

/* Begin PBXProject section */
		525CC21F15FE2A1F00E8F903 /* Project object */ = {
			isa = PBXProject;
			attributes = {
				CLASSPREFIX = AJ;
				LastUpgradeCheck = 0440;
				ORGANIZATIONNAME = "Anca Julean";
			};
			buildConfigurationList = 525CC22215FE2A1F00E8F903 /* Build configuration list for PBXProject "ScorePad" */;
			compatibilityVersion = "Xcode 3.2";
			developmentRegion = English;
			hasScannedForEncodings = 0;
			knownRegions = (
				en,
			);
			mainGroup = 525CC21D15FE2A1F00E8F903;
			productRefGroup = 525CC22915FE2A1F00E8F903 /* Products */;
			projectDirPath = "";
			projectRoot = "";
			targets = (
				525CC22715FE2A1F00E8F903 /* ScorePad */,
			);
		};
/* End PBXProject section */

/* Begin PBXResourcesBuildPhase section */
		525CC22615FE2A1F00E8F903 /* Resources */ = {
			isa = PBXResourcesBuildPhase;
			buildActionMask = 2147483647;
			files = (
				525CC23715FE2A1F00E8F903 /* InfoPlist.strings in Resources */,
			);
			runOnlyForDeploymentPostprocessing = 0;
		};
/* End PBXResourcesBuildPhase section */

/* Begin PBXSourcesBuildPhase section */
		525CC22415FE2A1F00E8F903 /* Sources */ = {
			isa = PBXSourcesBuildPhase;
			buildActionMask = 2147483647;
			files = (
				525CC23915FE2A1F00E8F903 /* main.m in Sources */,
				525CC23D15FE2A1F00E8F903 /* AJAppDelegate.m in Sources */,
				525CC24515FE2C8200E8F903 /* AJGamesTableViewController.m in Sources */,
				5253287615FF115D00A28B84 /* ScorePad.xcdatamodeld in Sources */,
				5253287D15FF128600A28B84 /* AJScoresManager.m in Sources */,
				525328A415FF213400A28B84 /* AJGame+Additions.m in Sources */,
				525328C315FF589700A28B84 /* NSString+Additions.m in Sources */,
				525328C415FF589700A28B84 /* UIColor+Additions.m in Sources */,
				5275B83715FF7D66006E19FE /* AJPlayer+Additions.m in Sources */,
				5275B83A15FF83FD006E19FE /* AJPlayersTableViewController.m in Sources */,
				521E132C1600B6D600022B1E /* AJGame.m in Sources */,
				521E13301600B6D600022B1E /* AJPlayer.m in Sources */,
				521E13331600B6D600022B1E /* AJScore.m in Sources */,
				521E13391600B76300022B1E /* AJScore+Additions.m in Sources */,
				521E133C1600C2AF00022B1E /* AJScoresTableViewController.m in Sources */,
			);
			runOnlyForDeploymentPostprocessing = 0;
		};
/* End PBXSourcesBuildPhase section */

/* Begin PBXVariantGroup section */
		525CC23515FE2A1F00E8F903 /* InfoPlist.strings */ = {
			isa = PBXVariantGroup;
			children = (
				525CC23615FE2A1F00E8F903 /* en */,
			);
			name = InfoPlist.strings;
			sourceTree = "<group>";
		};
/* End PBXVariantGroup section */

/* Begin XCBuildConfiguration section */
		525CC23E15FE2A1F00E8F903 /* Debug */ = {
			isa = XCBuildConfiguration;
			buildSettings = {
				ALWAYS_SEARCH_USER_PATHS = NO;
				ARCHS = "$(ARCHS_STANDARD_32_BIT)";
				CLANG_CXX_LANGUAGE_STANDARD = "gnu++0x";
				CLANG_WARN__DUPLICATE_METHOD_MATCH = YES;
				"CODE_SIGN_IDENTITY[sdk=iphoneos*]" = "iPhone Developer";
				COPY_PHASE_STRIP = NO;
				GCC_C_LANGUAGE_STANDARD = gnu99;
				GCC_DYNAMIC_NO_PIC = NO;
				GCC_OPTIMIZATION_LEVEL = 0;
				GCC_PREPROCESSOR_DEFINITIONS = (
					"DEBUG=1",
					"$(inherited)",
				);
				GCC_SYMBOLS_PRIVATE_EXTERN = NO;
				GCC_VERSION = com.apple.compilers.llvm.clang.1_0;
				GCC_WARN_ABOUT_RETURN_TYPE = YES;
				GCC_WARN_UNINITIALIZED_AUTOS = YES;
				GCC_WARN_UNUSED_VARIABLE = YES;
				IPHONEOS_DEPLOYMENT_TARGET = 5.1;
				SDKROOT = iphoneos;
				TARGETED_DEVICE_FAMILY = "1,2";
			};
			name = Debug;
		};
		525CC23F15FE2A1F00E8F903 /* Release */ = {
			isa = XCBuildConfiguration;
			buildSettings = {
				ALWAYS_SEARCH_USER_PATHS = NO;
				ARCHS = "$(ARCHS_STANDARD_32_BIT)";
				CLANG_CXX_LANGUAGE_STANDARD = "gnu++0x";
				CLANG_WARN__DUPLICATE_METHOD_MATCH = YES;
				"CODE_SIGN_IDENTITY[sdk=iphoneos*]" = "iPhone Developer";
				COPY_PHASE_STRIP = YES;
				GCC_C_LANGUAGE_STANDARD = gnu99;
				GCC_VERSION = com.apple.compilers.llvm.clang.1_0;
				GCC_WARN_ABOUT_RETURN_TYPE = YES;
				GCC_WARN_UNINITIALIZED_AUTOS = YES;
				GCC_WARN_UNUSED_VARIABLE = YES;
				IPHONEOS_DEPLOYMENT_TARGET = 5.1;
				OTHER_CFLAGS = "-DNS_BLOCK_ASSERTIONS=1";
				SDKROOT = iphoneos;
				TARGETED_DEVICE_FAMILY = "1,2";
				VALIDATE_PRODUCT = YES;
			};
			name = Release;
		};
		525CC24115FE2A1F00E8F903 /* Debug */ = {
			isa = XCBuildConfiguration;
			buildSettings = {
				GCC_PRECOMPILE_PREFIX_HEADER = YES;
				GCC_PREFIX_HEADER = "ScorePad/ScorePad-Prefix.pch";
				INFOPLIST_FILE = "ScorePad/ScorePad-Info.plist";
				IPHONEOS_DEPLOYMENT_TARGET = 4.0;
				PRODUCT_NAME = "$(TARGET_NAME)";
				WRAPPER_EXTENSION = app;
			};
			name = Debug;
		};
		525CC24215FE2A1F00E8F903 /* Release */ = {
			isa = XCBuildConfiguration;
			buildSettings = {
				GCC_PRECOMPILE_PREFIX_HEADER = YES;
				GCC_PREFIX_HEADER = "ScorePad/ScorePad-Prefix.pch";
				INFOPLIST_FILE = "ScorePad/ScorePad-Info.plist";
				IPHONEOS_DEPLOYMENT_TARGET = 4.0;
				PRODUCT_NAME = "$(TARGET_NAME)";
				WRAPPER_EXTENSION = app;
			};
			name = Release;
		};
/* End XCBuildConfiguration section */

/* Begin XCConfigurationList section */
		525CC22215FE2A1F00E8F903 /* Build configuration list for PBXProject "ScorePad" */ = {
			isa = XCConfigurationList;
			buildConfigurations = (
				525CC23E15FE2A1F00E8F903 /* Debug */,
				525CC23F15FE2A1F00E8F903 /* Release */,
			);
			defaultConfigurationIsVisible = 0;
			defaultConfigurationName = Release;
		};
		525CC24015FE2A1F00E8F903 /* Build configuration list for PBXNativeTarget "ScorePad" */ = {
			isa = XCConfigurationList;
			buildConfigurations = (
				525CC24115FE2A1F00E8F903 /* Debug */,
				525CC24215FE2A1F00E8F903 /* Release */,
			);
			defaultConfigurationIsVisible = 0;
			defaultConfigurationName = Release;
		};
/* End XCConfigurationList section */

/* Begin XCVersionGroup section */
		5253287415FF115D00A28B84 /* ScorePad.xcdatamodeld */ = {
			isa = XCVersionGroup;
			children = (
				5253287515FF115D00A28B84 /* ScorePad.xcdatamodel */,
			);
			currentVersion = 5253287515FF115D00A28B84 /* ScorePad.xcdatamodel */;
			path = ScorePad.xcdatamodeld;
			sourceTree = "<group>";
			versionGroupType = wrapper.xcdatamodel;
		};
/* End XCVersionGroup section */
	};
	rootObject = 525CC21F15FE2A1F00E8F903 /* Project object */;
}
